# This file is generated by running "yarn install" inside your project.
# Manual changes might be lost - proceed with caution!

__metadata:
  version: 6
  cacheKey: 8

"enhanced-resolve@npm:^5.9.2":
  version: 5.9.2
  resolution: "enhanced-resolve@npm:5.9.2"
  dependencies:
    graceful-fs: ^4.2.4
    tapable: ^2.2.0
  checksum: 792b7a01abb4ee4433b658c71f92d5948675938e0c03cad1732abe843b87395f15cb880ace4f819f78ead94163278283afc79b8be63c0eddca8ab45f7d8c515d
  languageName: node
  linkType: hard

"graceful-fs@npm:^4.2.4":
  version: 4.2.10
  resolution: "graceful-fs@npm:4.2.10"
  checksum: 3f109d70ae123951905d85032ebeae3c2a5a7a997430df00ea30df0e3a6c60cf6689b109654d6fdacd28810a053348c4d14642da1d075049e6be1ba5216218da
  languageName: node
  linkType: hard

"require-context-node@workspace:.":
  version: 0.0.0-use.local
  resolution: "require-context-node@workspace:."
  dependencies:
    enhanced-resolve: ^5.9.2
  languageName: unknown
  linkType: soft

"tapable@npm:^2.2.0":
  version: 2.2.1
  resolution: "tapable@npm:2.2.1"
  checksum: 3b7a1b4d86fa940aad46d9e73d1e8739335efd4c48322cb37d073eb6f80f5281889bf0320c6d8ffcfa1a0dd5bfdbd0f9d037e252ef972aca595330538aac4d51
  languageName: node
  linkType: hard
